
Microsoft Visual Studio Solution File, Format Version 12.00
# Visual Studio Version 17
VisualStudioVersion = 17.9.34728.123
MinimumVisualStudioVersion = 10.0.40219.1
Project("{FAE04EC0-301F-11D3-BF4B-00C04F79EFBC}") = "AdventCode_J13", "AdventCode_J13\AdventCode_J13.csproj", "{1BF5BE6F-921C-4234-86F0-95A4BDC45DB2}"
EndProject
Global
	GlobalSection(SolutionConfigurationPlatforms) = preSolution
		Debug|Any CPU = Debug|Any CPU
		Release|Any CPU = Release|Any CPU
	EndGlobalSection
	GlobalSection(ProjectConfigurationPlatforms) = postSolution
		{1BF5BE6F-921C-4234-86F0-95A4BDC45DB2}.Debug|Any CPU.ActiveCfg = Debug|Any CPU
		{1BF5BE6F-921C-4234-86F0-95A4BDC45DB2}.Debug|Any CPU.Build.0 = Debug|Any CPU
		{1BF5BE6F-921C-4234-86F0-95A4BDC45DB2}.Release|Any CPU.ActiveCfg = Release|Any CPU
		{1BF5BE6F-921C-4234-86F0-95A4BDC45DB2}.Release|Any CPU.Build.0 = Release|Any CPU
	EndGlobalSection
	GlobalSection(SolutionProperties) = preSolution
		HideSolutionNode = FALSE
	EndGlobalSection
	GlobalSection(ExtensibilityGlobals) = postSolution
		SolutionGuid = {7FACA8AE-F3CB-4F58-A62A-28EE0065779F}
	EndGlobalSection
EndGlobal
