
Microsoft Visual Studio Solution File, Format Version 12.00
# Visual Studio Version 17
VisualStudioVersion = 17.7.34031.279
MinimumVisualStudioVersion = 10.0.40219.1
Project("{8BC9CEB8-8B4A-11D0-8D11-00A0C91BC942}") = "AdventCode_J25", "AdventCode_J25\AdventCode_J25.vcxproj", "{0E2D0A90-E8B3-4D24-B859-BB0395FEC851}"
EndProject
Global
	GlobalSection(SolutionConfigurationPlatforms) = preSolution
		Debug|x64 = Debug|x64
		Debug|x86 = Debug|x86
		Release|x64 = Release|x64
		Release|x86 = Release|x86
	EndGlobalSection
	GlobalSection(ProjectConfigurationPlatforms) = postSolution
		{0E2D0A90-E8B3-4D24-B859-BB0395FEC851}.Debug|x64.ActiveCfg = Debug|x64
		{0E2D0A90-E8B3-4D24-B859-BB0395FEC851}.Debug|x64.Build.0 = Debug|x64
		{0E2D0A90-E8B3-4D24-B859-BB0395FEC851}.Debug|x86.ActiveCfg = Debug|Win32
		{0E2D0A90-E8B3-4D24-B859-BB0395FEC851}.Debug|x86.Build.0 = Debug|Win32
		{0E2D0A90-E8B3-4D24-B859-BB0395FEC851}.Release|x64.ActiveCfg = Release|x64
		{0E2D0A90-E8B3-4D24-B859-BB0395FEC851}.Release|x64.Build.0 = Release|x64
		{0E2D0A90-E8B3-4D24-B859-BB0395FEC851}.Release|x86.ActiveCfg = Release|Win32
		{0E2D0A90-E8B3-4D24-B859-BB0395FEC851}.Release|x86.Build.0 = Release|Win32
	EndGlobalSection
	GlobalSection(SolutionProperties) = preSolution
		HideSolutionNode = FALSE
	EndGlobalSection
	GlobalSection(ExtensibilityGlobals) = postSolution
		SolutionGuid = {1ECD630C-F0BD-482B-AA85-BE76AB64D145}
	EndGlobalSection
EndGlobal
