
Microsoft Visual Studio Solution File, Format Version 12.00
# Visual Studio Version 17
VisualStudioVersion = 17.7.34031.279
MinimumVisualStudioVersion = 10.0.40219.1
Project("{FAE04EC0-301F-11D3-BF4B-00C04F79EFBC}") = "AdventCode_J10", "AdventCode_J10\AdventCode_J10.csproj", "{B5301D17-9156-4891-93E5-EFBFD011C328}"
EndProject
Global
	GlobalSection(SolutionConfigurationPlatforms) = preSolution
		Debug|Any CPU = Debug|Any CPU
		Release|Any CPU = Release|Any CPU
	EndGlobalSection
	GlobalSection(ProjectConfigurationPlatforms) = postSolution
		{B5301D17-9156-4891-93E5-EFBFD011C328}.Debug|Any CPU.ActiveCfg = Debug|Any CPU
		{B5301D17-9156-4891-93E5-EFBFD011C328}.Debug|Any CPU.Build.0 = Debug|Any CPU
		{B5301D17-9156-4891-93E5-EFBFD011C328}.Release|Any CPU.ActiveCfg = Release|Any CPU
		{B5301D17-9156-4891-93E5-EFBFD011C328}.Release|Any CPU.Build.0 = Release|Any CPU
	EndGlobalSection
	GlobalSection(SolutionProperties) = preSolution
		HideSolutionNode = FALSE
	EndGlobalSection
	GlobalSection(ExtensibilityGlobals) = postSolution
		SolutionGuid = {4AF5F0FA-E75D-4DF0-BFC2-64DFC0E4E0E0}
	EndGlobalSection
EndGlobal
